// !$*UTF8*$!
{
	archiveVersion = 1;
	classes = {
	};
	objectVersion = 48;
	objects = {

/* Begin PBXBuildFile section */
		A64C9A4E21949005001E419D /* AppDelegate.swift in Sources */ = {isa = PBXBuildFile; fileRef = A64C9A4D21949005001E419D /* AppDelegate.swift */; };
		A64C9A5021949005001E419D /* ViewController.swift in Sources */ = {isa = PBXBuildFile; fileRef = A64C9A4F21949005001E419D /* ViewController.swift */; };
		A64C9A5321949005001E419D /* Main.storyboard in Resources */ = {isa = PBXBuildFile; fileRef = A64C9A5121949005001E419D /* Main.storyboard */; };
		A64C9A5621949005001E419D /* ConastiAppv1.xcdatamodeld in Sources */ = {isa = PBXBuildFile; fileRef = A64C9A5421949005001E419D /* ConastiAppv1.xcdatamodeld */; };
		A64C9A5821949005001E419D /* Images.xcassets in Resources */ = {isa = PBXBuildFile; fileRef = A64C9A5721949005001E419D /* Images.xcassets */; };
		A64C9A5B21949005001E419D /* LaunchScreen.storyboard in Resources */ = {isa = PBXBuildFile; fileRef = A64C9A5921949005001E419D /* LaunchScreen.storyboard */; };
		A64C9A63219491F7001E419D /* GoogleService-Info.plist in Resources */ = {isa = PBXBuildFile; fileRef = A64C9A62219491F7001E419D /* GoogleService-Info.plist */; };
		A6A0E3CD2194A3FE0031C4F4 /* Icon-v1.png in Resources */ = {isa = PBXBuildFile; fileRef = A6A0E3CA2194A3FD0031C4F4 /* Icon-v1.png */; };
		A6A0E3CE2194A3FE0031C4F4 /* title.png in Resources */ = {isa = PBXBuildFile; fileRef = A6A0E3CB2194A3FE0031C4F4 /* title.png */; };
		A6A0E3CF2194A3FE0031C4F4 /* background.jpg in Resources */ = {isa = PBXBuildFile; fileRef = A6A0E3CC2194A3FE0031C4F4 /* background.jpg */; };
		A6A0E3D12194ACAD0031C4F4 /* icon_facebook.png in Resources */ = {isa = PBXBuildFile; fileRef = A6A0E3D02194ACAD0031C4F4 /* icon_facebook.png */; };
		A6A0E3D321950ADD0031C4F4 /* MenuViewController.swift in Sources */ = {isa = PBXBuildFile; fileRef = A6A0E3D221950ADD0031C4F4 /* MenuViewController.swift */; };
		A6A0E3D821950D400031C4F4 /* BaseViewController.swift in Sources */ = {isa = PBXBuildFile; fileRef = A6A0E3D721950D400031C4F4 /* BaseViewController.swift */; };
		A6CF13F32194942B0034F3DF /* DashboardViewController.swift in Sources */ = {isa = PBXBuildFile; fileRef = A6CF13F22194942B0034F3DF /* DashboardViewController.swift */; };
		A6E19A642195E57B004EF48C /* PerfilViewController.swift in Sources */ = {isa = PBXBuildFile; fileRef = A6E19A632195E57B004EF48C /* PerfilViewController.swift */; };
		A6F6D3B0219F17FD006C035D /* FavoritosViewController.swift in Sources */ = {isa = PBXBuildFile; fileRef = A6F6D3AF219F17FD006C035D /* FavoritosViewController.swift */; };
		A6F6D3B6219F39EE006C035D /* user.swift in Sources */ = {isa = PBXBuildFile; fileRef = A6F6D3B5219F39EE006C035D /* user.swift */; };
		B029A0D6746F376D3C9966FD /* Pods_ConastiAppv1.framework in Frameworks */ = {isa = PBXBuildFile; fileRef = D3E164FDD2964A76D67E6723 /* Pods_ConastiAppv1.framework */; };
/* End PBXBuildFile section */

/* Begin PBXFileReference section */
		37A07C473A2B3866E68BD249 /* Pods-ConastiAppv1.debug.xcconfig */ = {isa = PBXFileReference; includeInIndex = 1; lastKnownFileType = text.xcconfig; name = "Pods-ConastiAppv1.debug.xcconfig"; path = "Pods/Target Support Files/Pods-ConastiAppv1/Pods-ConastiAppv1.debug.xcconfig"; sourceTree = "<group>"; };
		7B24A918CE0C010319F7BD37 /* Pods-ConastiAppv1.release.xcconfig */ = {isa = PBXFileReference; includeInIndex = 1; lastKnownFileType = text.xcconfig; name = "Pods-ConastiAppv1.release.xcconfig"; path = "Pods/Target Support Files/Pods-ConastiAppv1/Pods-ConastiAppv1.release.xcconfig"; sourceTree = "<group>"; };
		A64C9A4A21949005001E419D /* ConastiAppv1.app */ = {isa = PBXFileReference; explicitFileType = wrapper.application; includeInIndex = 0; path = ConastiAppv1.app; sourceTree = BUILT_PRODUCTS_DIR; };
		A64C9A4D21949005001E419D /* AppDelegate.swift */ = {isa = PBXFileReference; lastKnownFileType = sourcecode.swift; path = AppDelegate.swift; sourceTree = "<group>"; };
		A64C9A4F21949005001E419D /* ViewController.swift */ = {isa = PBXFileReference; lastKnownFileType = sourcecode.swift; path = ViewController.swift; sourceTree = "<group>"; };
		A64C9A5221949005001E419D /* Base */ = {isa = PBXFileReference; lastKnownFileType = file.storyboard; name = Base; path = Base.lproj/Main.storyboard; sourceTree = "<group>"; };
		A64C9A5521949005001E419D /* ConastiAppv1.xcdatamodel */ = {isa = PBXFileReference; lastKnownFileType = wrapper.xcdatamodel; path = ConastiAppv1.xcdatamodel; sourceTree = "<group>"; };
		A64C9A5721949005001E419D /* Images.xcassets */ = {isa = PBXFileReference; lastKnownFileType = folder.assetcatalog; path = Images.xcassets; sourceTree = "<group>"; };
		A64C9A5A21949005001E419D /* Base */ = {isa = PBXFileReference; lastKnownFileType = file.storyboard; name = Base; path = Base.lproj/LaunchScreen.storyboard; sourceTree = "<group>"; };
		A64C9A5C21949005001E419D /* Info.plist */ = {isa = PBXFileReference; lastKnownFileType = text.plist.xml; path = Info.plist; sourceTree = "<group>"; };
		A64C9A62219491F7001E419D /* GoogleService-Info.plist */ = {isa = PBXFileReference; fileEncoding = 4; lastKnownFileType = text.plist.xml; path = "GoogleService-Info.plist"; sourceTree = "<group>"; };
		A6A0E3CA2194A3FD0031C4F4 /* Icon-v1.png */ = {isa = PBXFileReference; lastKnownFileType = image.png; path = "Icon-v1.png"; sourceTree = "<group>"; };
		A6A0E3CB2194A3FE0031C4F4 /* title.png */ = {isa = PBXFileReference; lastKnownFileType = image.png; path = title.png; sourceTree = "<group>"; };
		A6A0E3CC2194A3FE0031C4F4 /* background.jpg */ = {isa = PBXFileReference; lastKnownFileType = image.jpeg; path = background.jpg; sourceTree = "<group>"; };
		A6A0E3D02194ACAD0031C4F4 /* icon_facebook.png */ = {isa = PBXFileReference; lastKnownFileType = image.png; path = icon_facebook.png; sourceTree = SOURCE_ROOT; };
		A6A0E3D221950ADD0031C4F4 /* MenuViewController.swift */ = {isa = PBXFileReference; lastKnownFileType = sourcecode.swift; path = MenuViewController.swift; sourceTree = "<group>"; };
		A6A0E3D721950D400031C4F4 /* BaseViewController.swift */ = {isa = PBXFileReference; lastKnownFileType = sourcecode.swift; path = BaseViewController.swift; sourceTree = "<group>"; };
		A6CF13F22194942B0034F3DF /* DashboardViewController.swift */ = {isa = PBXFileReference; lastKnownFileType = sourcecode.swift; path = DashboardViewController.swift; sourceTree = "<group>"; };
		A6E19A632195E57B004EF48C /* PerfilViewController.swift */ = {isa = PBXFileReference; lastKnownFileType = sourcecode.swift; path = PerfilViewController.swift; sourceTree = "<group>"; };
		A6F6D3AF219F17FD006C035D /* FavoritosViewController.swift */ = {isa = PBXFileReference; lastKnownFileType = sourcecode.swift; path = FavoritosViewController.swift; sourceTree = "<group>"; };
		A6F6D3B5219F39EE006C035D /* user.swift */ = {isa = PBXFileReference; lastKnownFileType = sourcecode.swift; path = user.swift; sourceTree = "<group>"; };
		D3E164FDD2964A76D67E6723 /* Pods_ConastiAppv1.framework */ = {isa = PBXFileReference; explicitFileType = wrapper.framework; includeInIndex = 0; path = Pods_ConastiAppv1.framework; sourceTree = BUILT_PRODUCTS_DIR; };
/* End PBXFileReference section */

/* Begin PBXFrameworksBuildPhase section */
		A64C9A4721949004001E419D /* Frameworks */ = {
			isa = PBXFrameworksBuildPhase;
			buildActionMask = 2147483647;
			files = (
				B029A0D6746F376D3C9966FD /* Pods_ConastiAppv1.framework in Frameworks */,
			);
			runOnlyForDeploymentPostprocessing = 0;
		};
/* End PBXFrameworksBuildPhase section */

/* Begin PBXGroup section */
		A64C9A4121949004001E419D = {
			isa = PBXGroup;
			children = (
				A64C9A4C21949005001E419D /* ConastiAppv1 */,
				A64C9A4B21949005001E419D /* Products */,
				F58A665A32978A558DF45024 /* Pods */,
				AE2BE5D82CB09895104A4B31 /* Frameworks */,
			);
			sourceTree = "<group>";
		};
		A64C9A4B21949005001E419D /* Products */ = {
			isa = PBXGroup;
			children = (
				A64C9A4A21949005001E419D /* ConastiAppv1.app */,
			);
			name = Products;
			sourceTree = "<group>";
		};
		A64C9A4C21949005001E419D /* ConastiAppv1 */ = {
			isa = PBXGroup;
			children = (
				A6A0E3D621950D170031C4F4 /* ViewControllers */,
				A6A0E3CC2194A3FE0031C4F4 /* background.jpg */,
				A6A0E3CA2194A3FD0031C4F4 /* Icon-v1.png */,
				A6A0E3C92194A3DE0031C4F4 /* Imagenes */,
				A64C9A62219491F7001E419D /* GoogleService-Info.plist */,
				A64C9A4D21949005001E419D /* AppDelegate.swift */,
				A64C9A5121949005001E419D /* Main.storyboard */,
				A64C9A5721949005001E419D /* Images.xcassets */,
				A64C9A5921949005001E419D /* LaunchScreen.storyboard */,
				A64C9A5C21949005001E419D /* Info.plist */,
				A64C9A5421949005001E419D /* ConastiAppv1.xcdatamodeld */,
				A6F6D3B5219F39EE006C035D /* user.swift */,
			);
			path = ConastiAppv1;
			sourceTree = "<group>";
		};
		A6A0E3C92194A3DE0031C4F4 /* Imagenes */ = {
			isa = PBXGroup;
			children = (
				A6A0E3D02194ACAD0031C4F4 /* icon_facebook.png */,
				A6A0E3CB2194A3FE0031C4F4 /* title.png */,
			);
			path = Imagenes;
			sourceTree = "<group>";
		};
		A6A0E3D621950D170031C4F4 /* ViewControllers */ = {
			isa = PBXGroup;
			children = (
				A64C9A4F21949005001E419D /* ViewController.swift */,
				A6A0E3D221950ADD0031C4F4 /* MenuViewController.swift */,
				A6CF13F22194942B0034F3DF /* DashboardViewController.swift */,
				A6A0E3D721950D400031C4F4 /* BaseViewController.swift */,
				A6E19A632195E57B004EF48C /* PerfilViewController.swift */,
				A6F6D3AF219F17FD006C035D /* FavoritosViewController.swift */,
			);
			path = ViewControllers;
			sourceTree = "<group>";
		};
		AE2BE5D82CB09895104A4B31 /* Frameworks */ = {
			isa = PBXGroup;
			children = (
				D3E164FDD2964A76D67E6723 /* Pods_ConastiAppv1.framework */,
			);
			name = Frameworks;
			sourceTree = "<group>";
		};
		F58A665A32978A558DF45024 /* Pods */ = {
			isa = PBXGroup;
			children = (
				37A07C473A2B3866E68BD249 /* Pods-ConastiAppv1.debug.xcconfig */,
				7B24A918CE0C010319F7BD37 /* Pods-ConastiAppv1.release.xcconfig */,
			);
			name = Pods;
			sourceTree = "<group>";
		};
/* End PBXGroup section */

/* Begin PBXNativeTarget section */
		A64C9A4921949004001E419D /* ConastiAppv1 */ = {
			isa = PBXNativeTarget;
			buildConfigurationList = A64C9A5F21949005001E419D /* Build configuration list for PBXNativeTarget "ConastiAppv1" */;
			buildPhases = (
				9AD02EC1AE49A3C9C6A624C7 /* [CP] Check Pods Manifest.lock */,
				A64C9A4621949004001E419D /* Sources */,
				A64C9A4721949004001E419D /* Frameworks */,
				A64C9A4821949004001E419D /* Resources */,
				E888B46814E495D3E3BA530A /* [CP] Embed Pods Frameworks */,
			);
			buildRules = (
			);
			dependencies = (
			);
			name = ConastiAppv1;
			productName = ConastiAppv1;
			productReference = A64C9A4A21949005001E419D /* ConastiAppv1.app */;
			productType = "com.apple.product-type.application";
		};
/* End PBXNativeTarget section */

/* Begin PBXProject section */
		A64C9A4221949004001E419D /* Project object */ = {
			isa = PBXProject;
			attributes = {
				LastSwiftUpdateCheck = 0920;
				LastUpgradeCheck = 0920;
				ORGANIZATIONNAME = Tecsup;
				TargetAttributes = {
					A64C9A4921949004001E419D = {
						CreatedOnToolsVersion = 9.2;
						ProvisioningStyle = Automatic;
					};
				};
			};
			buildConfigurationList = A64C9A4521949004001E419D /* Build configuration list for PBXProject "ConastiAppv1" */;
			compatibilityVersion = "Xcode 8.0";
			developmentRegion = en;
			hasScannedForEncodings = 0;
			knownRegions = (
				en,
				Base,
			);
			mainGroup = A64C9A4121949004001E419D;
			productRefGroup = A64C9A4B21949005001E419D /* Products */;
			projectDirPath = "";
			projectRoot = "";
			targets = (
				A64C9A4921949004001E419D /* ConastiAppv1 */,
			);
		};
/* End PBXProject section */

/* Begin PBXResourcesBuildPhase section */
		A64C9A4821949004001E419D /* Resources */ = {
			isa = PBXResourcesBuildPhase;
			buildActionMask = 2147483647;
			files = (
				A64C9A5B21949005001E419D /* LaunchScreen.storyboard in Resources */,
				A6A0E3CD2194A3FE0031C4F4 /* Icon-v1.png in Resources */,
				A6A0E3CF2194A3FE0031C4F4 /* background.jpg in Resources */,
				A6A0E3CE2194A3FE0031C4F4 /* title.png in Resources */,
				A64C9A63219491F7001E419D /* GoogleService-Info.plist in Resources */,
				A64C9A5821949005001E419D /* Images.xcassets in Resources */,
				A6A0E3D12194ACAD0031C4F4 /* icon_facebook.png in Resources */,
				A64C9A5321949005001E419D /* Main.storyboard in Resources */,
			);
			runOnlyForDeploymentPostprocessing = 0;
		};
/* End PBXResourcesBuildPhase section */

/* Begin PBXShellScriptBuildPhase section */
		9AD02EC1AE49A3C9C6A624C7 /* [CP] Check Pods Manifest.lock */ = {
			isa = PBXShellScriptBuildPhase;
			buildActionMask = 2147483647;
			files = (
			);
			inputPaths = (
				"${PODS_PODFILE_DIR_PATH}/Podfile.lock",
				"${PODS_ROOT}/Manifest.lock",
			);
			name = "[CP] Check Pods Manifest.lock";
			outputPaths = (
				"$(DERIVED_FILE_DIR)/Pods-ConastiAppv1-checkManifestLockResult.txt",
			);
			runOnlyForDeploymentPostprocessing = 0;
			shellPath = /bin/sh;
			shellScript = "diff \"${PODS_PODFILE_DIR_PATH}/Podfile.lock\" \"${PODS_ROOT}/Manifest.lock\" > /dev/null\nif [ $? != 0 ] ; then\n    # print error to STDERR\n    echo \"error: The sandbox is not in sync with the Podfile.lock. Run 'pod install' or update your CocoaPods installation.\" >&2\n    exit 1\nfi\n# This output is used by Xcode 'outputs' to avoid re-running this script phase.\necho \"SUCCESS\" > \"${SCRIPT_OUTPUT_FILE_0}\"\n";
			showEnvVarsInLog = 0;
		};
		E888B46814E495D3E3BA530A /* [CP] Embed Pods Frameworks */ = {
			isa = PBXShellScriptBuildPhase;
			buildActionMask = 2147483647;
			files = (
			);
			inputPaths = (
				"${SRCROOT}/Pods/Target Support Files/Pods-ConastiAppv1/Pods-ConastiAppv1-frameworks.sh",
				"${BUILT_PRODUCTS_DIR}/Bolts/Bolts.framework",
				"${BUILT_PRODUCTS_DIR}/FBSDKCoreKit/FBSDKCoreKit.framework",
				"${BUILT_PRODUCTS_DIR}/FBSDKLoginKit/FBSDKLoginKit.framework",
				"${BUILT_PRODUCTS_DIR}/GTMSessionFetcher/GTMSessionFetcher.framework",
				"${BUILT_PRODUCTS_DIR}/GoogleToolboxForMac/GoogleToolboxForMac.framework",
				"${BUILT_PRODUCTS_DIR}/SDWebImage/SDWebImage.framework",
				"${BUILT_PRODUCTS_DIR}/leveldb-library/leveldb.framework",
				"${BUILT_PRODUCTS_DIR}/nanopb/nanopb.framework",
			);
			name = "[CP] Embed Pods Frameworks";
			outputPaths = (
				"${TARGET_BUILD_DIR}/${FRAMEWORKS_FOLDER_PATH}/Bolts.framework",
				"${TARGET_BUILD_DIR}/${FRAMEWORKS_FOLDER_PATH}/FBSDKCoreKit.framework",
				"${TARGET_BUILD_DIR}/${FRAMEWORKS_FOLDER_PATH}/FBSDKLoginKit.framework",
				"${TARGET_BUILD_DIR}/${FRAMEWORKS_FOLDER_PATH}/GTMSessionFetcher.framework",
				"${TARGET_BUILD_DIR}/${FRAMEWORKS_FOLDER_PATH}/GoogleToolboxForMac.framework",
				"${TARGET_BUILD_DIR}/${FRAMEWORKS_FOLDER_PATH}/SDWebImage.framework",
				"${TARGET_BUILD_DIR}/${FRAMEWORKS_FOLDER_PATH}/leveldb.framework",
				"${TARGET_BUILD_DIR}/${FRAMEWORKS_FOLDER_PATH}/nanopb.framework",
			);
			runOnlyForDeploymentPostprocessing = 0;
			shellPath = /bin/sh;
			shellScript = "\"${SRCROOT}/Pods/Target Support Files/Pods-ConastiAppv1/Pods-ConastiAppv1-frameworks.sh\"\n";
			showEnvVarsInLog = 0;
		};
/* End PBXShellScriptBuildPhase section */

/* Begin PBXSourcesBuildPhase section */
		A64C9A4621949004001E419D /* Sources */ = {
			isa = PBXSourcesBuildPhase;
			buildActionMask = 2147483647;
			files = (
				A64C9A5621949005001E419D /* ConastiAppv1.xcdatamodeld in Sources */,
				A6A0E3D321950ADD0031C4F4 /* MenuViewController.swift in Sources */,
				A64C9A5021949005001E419D /* ViewController.swift in Sources */,
				A64C9A4E21949005001E419D /* AppDelegate.swift in Sources */,
				A6F6D3B0219F17FD006C035D /* FavoritosViewController.swift in Sources */,
				A6F6D3B6219F39EE006C035D /* user.swift in Sources */,
				A6CF13F32194942B0034F3DF /* DashboardViewController.swift in Sources */,
				A6E19A642195E57B004EF48C /* PerfilViewController.swift in Sources */,
				A6A0E3D821950D400031C4F4 /* BaseViewController.swift in Sources */,
			);
			runOnlyForDeploymentPostprocessing = 0;
		};
/* End PBXSourcesBuildPhase section */

/* Begin PBXVariantGroup section */
		A64C9A5121949005001E419D /* Main.storyboard */ = {
			isa = PBXVariantGroup;
			children = (
				A64C9A5221949005001E419D /* Base */,
			);
			name = Main.storyboard;
			sourceTree = "<group>";
		};
		A64C9A5921949005001E419D /* LaunchScreen.storyboard */ = {
			isa = PBXVariantGroup;
			children = (
				A64C9A5A21949005001E419D /* Base */,
			);
			name = LaunchScreen.storyboard;
			sourceTree = "<group>";
		};
/* End PBXVariantGroup section */

/* Begin XCBuildConfiguration section */
		A64C9A5D21949005001E419D /* Debug */ = {
			isa = XCBuildConfiguration;
			buildSettings = {
				ALWAYS_SEARCH_USER_PATHS = NO;
				CLANG_ANALYZER_NONNULL = YES;
				CLANG_ANALYZER_NUMBER_OBJECT_CONVERSION = YES_AGGRESSIVE;
				CLANG_CXX_LANGUAGE_STANDARD = "gnu++14";
				CLANG_CXX_LIBRARY = "libc++";
				CLANG_ENABLE_MODULES = YES;
				CLANG_ENABLE_OBJC_ARC = YES;
				CLANG_WARN_BLOCK_CAPTURE_AUTORELEASING = YES;
				CLANG_WARN_BOOL_CONVERSION = YES;
				CLANG_WARN_COMMA = YES;
				CLANG_WARN_CONSTANT_CONVERSION = YES;
				CLANG_WARN_DIRECT_OBJC_ISA_USAGE = YES_ERROR;
				CLANG_WARN_DOCUMENTATION_COMMENTS = YES;
				CLANG_WARN_EMPTY_BODY = YES;
				CLANG_WARN_ENUM_CONVERSION = YES;
				CLANG_WARN_INFINITE_RECURSION = YES;
				CLANG_WARN_INT_CONVERSION = YES;
				CLANG_WARN_NON_LITERAL_NULL_CONVERSION = YES;
				CLANG_WARN_OBJC_LITERAL_CONVERSION = YES;
				CLANG_WARN_OBJC_ROOT_CLASS = YES_ERROR;
				CLANG_WARN_RANGE_LOOP_ANALYSIS = YES;
				CLANG_WARN_STRICT_PROTOTYPES = YES;
				CLANG_WARN_SUSPICIOUS_MOVE = YES;
				CLANG_WARN_UNGUARDED_AVAILABILITY = YES_AGGRESSIVE;
				CLANG_WARN_UNREACHABLE_CODE = YES;
				CLANG_WARN__DUPLICATE_METHOD_MATCH = YES;
				CODE_SIGN_IDENTITY = "iPhone Developer";
				COPY_PHASE_STRIP = NO;
				DEBUG_INFORMATION_FORMAT = dwarf;
				ENABLE_STRICT_OBJC_MSGSEND = YES;
				ENABLE_TESTABILITY = YES;
				GCC_C_LANGUAGE_STANDARD = gnu11;
				GCC_DYNAMIC_NO_PIC = NO;
				GCC_NO_COMMON_BLOCKS = YES;
				GCC_OPTIMIZATION_LEVEL = 0;
				GCC_PREPROCESSOR_DEFINITIONS = (
					"DEBUG=1",
					"$(inherited)",
				);
				GCC_WARN_64_TO_32_BIT_CONVERSION = YES;
				GCC_WARN_ABOUT_RETURN_TYPE = YES_ERROR;
				GCC_WARN_UNDECLARED_SELECTOR = YES;
				GCC_WARN_UNINITIALIZED_AUTOS = YES_AGGRESSIVE;
				GCC_WARN_UNUSED_FUNCTION = YES;
				GCC_WARN_UNUSED_VARIABLE = YES;
				IPHONEOS_DEPLOYMENT_TARGET = 11.2;
				MTL_ENABLE_DEBUG_INFO = YES;
				ONLY_ACTIVE_ARCH = YES;
				SDKROOT = iphoneos;
				SWIFT_ACTIVE_COMPILATION_CONDITIONS = DEBUG;
				SWIFT_OPTIMIZATION_LEVEL = "-Onone";
			};
			name = Debug;
		};
		A64C9A5E21949005001E419D /* Release */ = {
			isa = XCBuildConfiguration;
			buildSettings = {
				ALWAYS_SEARCH_USER_PATHS = NO;
				CLANG_ANALYZER_NONNULL = YES;
				CLANG_ANALYZER_NUMBER_OBJECT_CONVERSION = YES_AGGRESSIVE;
				CLANG_CXX_LANGUAGE_STANDARD = "gnu++14";
				CLANG_CXX_LIBRARY = "libc++";
				CLANG_ENABLE_MODULES = YES;
				CLANG_ENABLE_OBJC_ARC = YES;
				CLANG_WARN_BLOCK_CAPTURE_AUTORELEASING = YES;
				CLANG_WARN_BOOL_CONVERSION = YES;
				CLANG_WARN_COMMA = YES;
				CLANG_WARN_CONSTANT_CONVERSION = YES;
				CLANG_WARN_DIRECT_OBJC_ISA_USAGE = YES_ERROR;
				CLANG_WARN_DOCUMENTATION_COMMENTS = YES;
				CLANG_WARN_EMPTY_BODY = YES;
				CLANG_WARN_ENUM_CONVERSION = YES;
				CLANG_WARN_INFINITE_RECURSION = YES;
				CLANG_WARN_INT_CONVERSION = YES;
				CLANG_WARN_NON_LITERAL_NULL_CONVERSION = YES;
				CLANG_WARN_OBJC_LITERAL_CONVERSION = YES;
				CLANG_WARN_OBJC_ROOT_CLASS = YES_ERROR;
				CLANG_WARN_RANGE_LOOP_ANALYSIS = YES;
				CLANG_WARN_STRICT_PROTOTYPES = YES;
				CLANG_WARN_SUSPICIOUS_MOVE = YES;
				CLANG_WARN_UNGUARDED_AVAILABILITY = YES_AGGRESSIVE;
				CLANG_WARN_UNREACHABLE_CODE = YES;
				CLANG_WARN__DUPLICATE_METHOD_MATCH = YES;
				CODE_SIGN_IDENTITY = "iPhone Developer";
				COPY_PHASE_STRIP = NO;
				DEBUG_INFORMATION_FORMAT = "dwarf-with-dsym";
				ENABLE_NS_ASSERTIONS = NO;
				ENABLE_STRICT_OBJC_MSGSEND = YES;
				GCC_C_LANGUAGE_STANDARD = gnu11;
				GCC_NO_COMMON_BLOCKS = YES;
				GCC_WARN_64_TO_32_BIT_CONVERSION = YES;
				GCC_WARN_ABOUT_RETURN_TYPE = YES_ERROR;
				GCC_WARN_UNDECLARED_SELECTOR = YES;
				GCC_WARN_UNINITIALIZED_AUTOS = YES_AGGRESSIVE;
				GCC_WARN_UNUSED_FUNCTION = YES;
				GCC_WARN_UNUSED_VARIABLE = YES;
				IPHONEOS_DEPLOYMENT_TARGET = 11.2;
				MTL_ENABLE_DEBUG_INFO = NO;
				SDKROOT = iphoneos;
				SWIFT_OPTIMIZATION_LEVEL = "-Owholemodule";
				VALIDATE_PRODUCT = YES;
			};
			name = Release;
		};
		A64C9A6021949005001E419D /* Debug */ = {
			isa = XCBuildConfiguration;
			baseConfigurationReference = 37A07C473A2B3866E68BD249 /* Pods-ConastiAppv1.debug.xcconfig */;
			buildSettings = {
				ASSETCATALOG_COMPILER_APPICON_NAME = AppIcon;
				CODE_SIGN_STYLE = Automatic;
				DEVELOPMENT_TEAM = 59KRGYPPS4;
				FRAMEWORK_SEARCH_PATHS = (
					"$(inherited)",
					"$(PROJECT_DIR)",
				);
				INFOPLIST_FILE = ConastiAppv1/Info.plist;
				LD_RUNPATH_SEARCH_PATHS = "$(inherited) @executable_path/Frameworks";
				PRODUCT_BUNDLE_IDENTIFIER = com.ConastiAppv1;
				PRODUCT_NAME = "$(TARGET_NAME)";
				SWIFT_VERSION = 4.0;
				TARGETED_DEVICE_FAMILY = "1,2";
			};
			name = Debug;
		};
		A64C9A6121949005001E419D /* Release */ = {
			isa = XCBuildConfiguration;
			baseConfigurationReference = 7B24A918CE0C010319F7BD37 /* Pods-ConastiAppv1.release.xcconfig */;
			buildSettings = {
				ASSETCATALOG_COMPILER_APPICON_NAME = AppIcon;
				CODE_SIGN_STYLE = Automatic;
				DEVELOPMENT_TEAM = 59KRGYPPS4;
				FRAMEWORK_SEARCH_PATHS = (
					"$(inherited)",
					"$(PROJECT_DIR)",
				);
				INFOPLIST_FILE = ConastiAppv1/Info.plist;
				LD_RUNPATH_SEARCH_PATHS = "$(inherited) @executable_path/Frameworks";
				PRODUCT_BUNDLE_IDENTIFIER = com.ConastiAppv1;
				PRODUCT_NAME = "$(TARGET_NAME)";
				SWIFT_VERSION = 4.0;
				TARGETED_DEVICE_FAMILY = "1,2";
			};
			name = Release;
		};
/* End XCBuildConfiguration section */

/* Begin XCConfigurationList section */
		A64C9A4521949004001E419D /* Build configuration list for PBXProject "ConastiAppv1" */ = {
			isa = XCConfigurationList;
			buildConfigurations = (
				A64C9A5D21949005001E419D /* Debug */,
				A64C9A5E21949005001E419D /* Release */,
			);
			defaultConfigurationIsVisible = 0;
			defaultConfigurationName = Release;
		};
		A64C9A5F21949005001E419D /* Build configuration list for PBXNativeTarget "ConastiAppv1" */ = {
			isa = XCConfigurationList;
			buildConfigurations = (
				A64C9A6021949005001E419D /* Debug */,
				A64C9A6121949005001E419D /* Release */,
			);
			defaultConfigurationIsVisible = 0;
			defaultConfigurationName = Release;
		};
/* End XCConfigurationList section */

/* Begin XCVersionGroup section */
		A64C9A5421949005001E419D /* ConastiAppv1.xcdatamodeld */ = {
			isa = XCVersionGroup;
			children = (
				A64C9A5521949005001E419D /* ConastiAppv1.xcdatamodel */,
			);
			currentVersion = A64C9A5521949005001E419D /* ConastiAppv1.xcdatamodel */;
			path = ConastiAppv1.xcdatamodeld;
			sourceTree = "<group>";
			versionGroupType = wrapper.xcdatamodel;
		};
/* End XCVersionGroup section */
	};
	rootObject = A64C9A4221949004001E419D /* Project object */;
}
